
Microsoft Visual Studio Solution File, Format Version 12.00
# Visual Studio Version 17
VisualStudioVersion = 17.1.32421.90
MinimumVisualStudioVersion = 10.0.40219.1
Project("{FAE04EC0-301F-11D3-BF4B-00C04F79EFBC}") = "1.feladat", "1.feladat\1.feladat.csproj", "{E1137363-F8FA-4DC6-A3AC-D73CB01067C9}"
EndProject
Project("{FAE04EC0-301F-11D3-BF4B-00C04F79EFBC}") = "2.feladat", "2.feladat\2.feladat.csproj", "{5FECC43D-36DF-46EE-ACF1-C73395135791}"
EndProject
Project("{FAE04EC0-301F-11D3-BF4B-00C04F79EFBC}") = "3.feladat", "3.feladat\3.feladat.csproj", "{FABCA5A2-2BE0-4718-A843-E8C7F4BAE388}"
EndProject
Global
	GlobalSection(SolutionConfigurationPlatforms) = preSolution
		Debug|Any CPU = Debug|Any CPU
		Release|Any CPU = Release|Any CPU
	EndGlobalSection
	GlobalSection(ProjectConfigurationPlatforms) = postSolution
		{E1137363-F8FA-4DC6-A3AC-D73CB01067C9}.Debug|Any CPU.ActiveCfg = Debug|Any CPU
		{E1137363-F8FA-4DC6-A3AC-D73CB01067C9}.Debug|Any CPU.Build.0 = Debug|Any CPU
		{E1137363-F8FA-4DC6-A3AC-D73CB01067C9}.Release|Any CPU.ActiveCfg = Release|Any CPU
		{E1137363-F8FA-4DC6-A3AC-D73CB01067C9}.Release|Any CPU.Build.0 = Release|Any CPU
		{5FECC43D-36DF-46EE-ACF1-C73395135791}.Debug|Any CPU.ActiveCfg = Debug|Any CPU
		{5FECC43D-36DF-46EE-ACF1-C73395135791}.Debug|Any CPU.Build.0 = Debug|Any CPU
		{5FECC43D-36DF-46EE-ACF1-C73395135791}.Release|Any CPU.ActiveCfg = Release|Any CPU
		{5FECC43D-36DF-46EE-ACF1-C73395135791}.Release|Any CPU.Build.0 = Release|Any CPU
		{FABCA5A2-2BE0-4718-A843-E8C7F4BAE388}.Debug|Any CPU.ActiveCfg = Debug|Any CPU
		{FABCA5A2-2BE0-4718-A843-E8C7F4BAE388}.Debug|Any CPU.Build.0 = Debug|Any CPU
		{FABCA5A2-2BE0-4718-A843-E8C7F4BAE388}.Release|Any CPU.ActiveCfg = Release|Any CPU
		{FABCA5A2-2BE0-4718-A843-E8C7F4BAE388}.Release|Any CPU.Build.0 = Release|Any CPU
	EndGlobalSection
	GlobalSection(SolutionProperties) = preSolution
		HideSolutionNode = FALSE
	EndGlobalSection
	GlobalSection(ExtensibilityGlobals) = postSolution
		SolutionGuid = {E360717E-72DF-43B8-AF86-0999EE06B610}
	EndGlobalSection
EndGlobal
